Microsoft Visual Studio Solution File, Format Version 11.00
# Visual Studio 2010
Project("{8BC9CEB8-8B4A-11D0-8D11-00A0C91BC942}") = "log4cpp", "log4cpp\log4cpp.vcxproj", "{8C796FDD-5BB9-41D5-8471-DDC897C8C486}"
EndProject
Project("{8BC9CEB8-8B4A-11D0-8D11-00A0C91BC942}") = "testCategory", "testCategory\testCategory.vcxproj", "{BDB5D1CA-1E1D-58DC-1784-7F065C022AFD}"
EndProject
Project("{8BC9CEB8-8B4A-11D0-8D11-00A0C91BC942}") = "testRollingFileAppender", "testRollingFileAppender\testRollingFileAppender.vcxproj", "{F12FC283-48E4-81B1-BC60-FBCDAD89AF5A}"
EndProject
Project("{8BC9CEB8-8B4A-11D0-8D11-00A0C91BC942}") = "testDailyRollingFileAppender", "testDailyRollingFileAppender\testDailyRollingFileAppender.vcxproj", "{392D47A7-2E4D-7CA1-1BB2-50DE34CF09B3}"
EndProject
Project("{8BC9CEB8-8B4A-11D0-8D11-00A0C91BC942}") = "testDLL", "testDLL\testDLL.vcxproj", "{D53944E5-DFDF-188B-EA20-6AE62DCA4517}"
EndProject
Project("{8BC9CEB8-8B4A-11D0-8D11-00A0C91BC942}") = "testMain", "testMain\testMain.vcxproj", "{176BEF67-38CD-5345-648D-C2D6030808D0}"
EndProject
Project("{8BC9CEB8-8B4A-11D0-8D11-00A0C91BC942}") = "testNDC", "testNDC\testNDC.vcxproj", "{F4115A6D-17FE-8129-4A53-EF53DBE2BE65}"
EndProject
Project("{8BC9CEB8-8B4A-11D0-8D11-00A0C91BC942}") = "testNTEventLog", "testNTEventLog\testNTEventLog.vcxproj", "{232981A3-1340-CC04-E5D6-7E1D918D88A7}"
EndProject
Project("{8BC9CEB8-8B4A-11D0-8D11-00A0C91BC942}") = "testPattern", "testPattern\testPattern.vcxproj", "{6B7983DF-7135-3992-262C-10DA50635230}"
EndProject
Project("{8BC9CEB8-8B4A-11D0-8D11-00A0C91BC942}") = "testPropConfig", "testPropConfig\testPropConfig.vcxproj", "{A8DAF0F4-78AB-61A0-7DE3-723D511CD046}"
EndProject
Project("{8BC9CEB8-8B4A-11D0-8D11-00A0C91BC942}") = "log4cppLIB", "log4cppLIB\log4cppLIB.vcxproj", "{AFA856A0-2388-4673-9277-CE4061709569}"
EndProject
Project("{8BC9CEB8-8B4A-11D0-8D11-00A0C91BC942}") = "log4cppRunnable", "log4cppRunnable\log4cppRunnable.vcxproj", "{8C796FDD-5BB9-41D5-8471-FFC897C8C486}"
EndProject
Global
	GlobalSection(SolutionConfigurationPlatforms) = preSolution
		Debug with Boost|Win32 = Debug with Boost|Win32
		Debug|Win32 = Debug|Win32
		Release with Boost|Win32 = Release with Boost|Win32
		Release|Win32 = Release|Win32
	EndGlobalSection
	GlobalSection(ProjectConfigurationPlatforms) = postSolution
		{8C796FDD-5BB9-41D5-8471-DDC897C8C486}.Debug with Boost|Win32.ActiveCfg = Debug with Boost|Win32
		{8C796FDD-5BB9-41D5-8471-DDC897C8C486}.Debug with Boost|Win32.Build.0 = Debug with Boost|Win32
		{8C796FDD-5BB9-41D5-8471-DDC897C8C486}.Debug|Win32.ActiveCfg = Debug|Win32
		{8C796FDD-5BB9-41D5-8471-DDC897C8C486}.Debug|Win32.Build.0 = Debug|Win32
		{8C796FDD-5BB9-41D5-8471-DDC897C8C486}.Release with Boost|Win32.ActiveCfg = Release with Boost|Win32
		{8C796FDD-5BB9-41D5-8471-DDC897C8C486}.Release with Boost|Win32.Build.0 = Release with Boost|Win32
		{8C796FDD-5BB9-41D5-8471-DDC897C8C486}.Release|Win32.ActiveCfg = Release|Win32
		{8C796FDD-5BB9-41D5-8471-DDC897C8C486}.Release|Win32.Build.0 = Release|Win32
		{BDB5D1CA-1E1D-58DC-1784-7F065C022AFD}.Debug with Boost|Win32.ActiveCfg = Debug|Win32
		{BDB5D1CA-1E1D-58DC-1784-7F065C022AFD}.Debug with Boost|Win32.Build.0 = Debug|Win32
		{BDB5D1CA-1E1D-58DC-1784-7F065C022AFD}.Debug|Win32.ActiveCfg = Debug|Win32
		{BDB5D1CA-1E1D-58DC-1784-7F065C022AFD}.Debug|Win32.Build.0 = Debug|Win32
		{BDB5D1CA-1E1D-58DC-1784-7F065C022AFD}.Release with Boost|Win32.ActiveCfg = Release|Win32
		{BDB5D1CA-1E1D-58DC-1784-7F065C022AFD}.Release with Boost|Win32.Build.0 = Release|Win32
		{BDB5D1CA-1E1D-58DC-1784-7F065C022AFD}.Release|Win32.ActiveCfg = Release|Win32
		{BDB5D1CA-1E1D-58DC-1784-7F065C022AFD}.Release|Win32.Build.0 = Release|Win32
		{F12FC283-48E4-81B1-BC60-FBCDAD89AF5A}.Debug with Boost|Win32.ActiveCfg = Debug|Win32
		{F12FC283-48E4-81B1-BC60-FBCDAD89AF5A}.Debug|Win32.ActiveCfg = Debug|Win32
		{F12FC283-48E4-81B1-BC60-FBCDAD89AF5A}.Release with Boost|Win32.ActiveCfg = Release|Win32
		{F12FC283-48E4-81B1-BC60-FBCDAD89AF5A}.Release|Win32.ActiveCfg = Release|Win32
		{392D47A7-2E4D-7CA1-1BB2-50DE34CF09B3}.Debug with Boost|Win32.ActiveCfg = Debug|Win32
		{392D47A7-2E4D-7CA1-1BB2-50DE34CF09B3}.Debug|Win32.ActiveCfg = Debug|Win32
		{392D47A7-2E4D-7CA1-1BB2-50DE34CF09B3}.Debug|Win32.Build.0 = Debug|Win32
		{392D47A7-2E4D-7CA1-1BB2-50DE34CF09B3}.Release with Boost|Win32.ActiveCfg = Release|Win32
		{392D47A7-2E4D-7CA1-1BB2-50DE34CF09B3}.Release|Win32.ActiveCfg = Release|Win32
		{392D47A7-2E4D-7CA1-1BB2-50DE34CF09B3}.Release|Win32.Build.0 = Release|Win32
		{D53944E5-DFDF-188B-EA20-6AE62DCA4517}.Debug with Boost|Win32.ActiveCfg = Debug|Win32
		{D53944E5-DFDF-188B-EA20-6AE62DCA4517}.Debug with Boost|Win32.Build.0 = Debug|Win32
		{D53944E5-DFDF-188B-EA20-6AE62DCA4517}.Debug|Win32.ActiveCfg = Debug|Win32
		{D53944E5-DFDF-188B-EA20-6AE62DCA4517}.Debug|Win32.Build.0 = Debug|Win32
		{D53944E5-DFDF-188B-EA20-6AE62DCA4517}.Release with Boost|Win32.ActiveCfg = Release|Win32
		{D53944E5-DFDF-188B-EA20-6AE62DCA4517}.Release with Boost|Win32.Build.0 = Release|Win32
		{D53944E5-DFDF-188B-EA20-6AE62DCA4517}.Release|Win32.ActiveCfg = Release|Win32
		{D53944E5-DFDF-188B-EA20-6AE62DCA4517}.Release|Win32.Build.0 = Release|Win32
		{176BEF67-38CD-5345-648D-C2D6030808D0}.Debug with Boost|Win32.ActiveCfg = Debug|Win32
		{176BEF67-38CD-5345-648D-C2D6030808D0}.Debug with Boost|Win32.Build.0 = Debug|Win32
		{176BEF67-38CD-5345-648D-C2D6030808D0}.Debug|Win32.ActiveCfg = Debug|Win32
		{176BEF67-38CD-5345-648D-C2D6030808D0}.Debug|Win32.Build.0 = Debug|Win32
		{176BEF67-38CD-5345-648D-C2D6030808D0}.Release with Boost|Win32.ActiveCfg = Release|Win32
		{176BEF67-38CD-5345-648D-C2D6030808D0}.Release with Boost|Win32.Build.0 = Release|Win32
		{176BEF67-38CD-5345-648D-C2D6030808D0}.Release|Win32.ActiveCfg = Release|Win32
		{176BEF67-38CD-5345-648D-C2D6030808D0}.Release|Win32.Build.0 = Release|Win32
		{F4115A6D-17FE-8129-4A53-EF53DBE2BE65}.Debug with Boost|Win32.ActiveCfg = Debug|Win32
		{F4115A6D-17FE-8129-4A53-EF53DBE2BE65}.Debug with Boost|Win32.Build.0 = Debug|Win32
		{F4115A6D-17FE-8129-4A53-EF53DBE2BE65}.Debug|Win32.ActiveCfg = Debug|Win32
		{F4115A6D-17FE-8129-4A53-EF53DBE2BE65}.Release with Boost|Win32.ActiveCfg = Release|Win32
		{F4115A6D-17FE-8129-4A53-EF53DBE2BE65}.Release with Boost|Win32.Build.0 = Release|Win32
		{F4115A6D-17FE-8129-4A53-EF53DBE2BE65}.Release|Win32.ActiveCfg = Release|Win32
		{232981A3-1340-CC04-E5D6-7E1D918D88A7}.Debug with Boost|Win32.ActiveCfg = Debug|Win32
		{232981A3-1340-CC04-E5D6-7E1D918D88A7}.Debug with Boost|Win32.Build.0 = Debug|Win32
		{232981A3-1340-CC04-E5D6-7E1D918D88A7}.Debug|Win32.ActiveCfg = Debug|Win32
		{232981A3-1340-CC04-E5D6-7E1D918D88A7}.Release with Boost|Win32.ActiveCfg = Release|Win32
		{232981A3-1340-CC04-E5D6-7E1D918D88A7}.Release with Boost|Win32.Build.0 = Release|Win32
		{232981A3-1340-CC04-E5D6-7E1D918D88A7}.Release|Win32.ActiveCfg = Release|Win32
		{6B7983DF-7135-3992-262C-10DA50635230}.Debug with Boost|Win32.ActiveCfg = Debug|Win32
		{6B7983DF-7135-3992-262C-10DA50635230}.Debug with Boost|Win32.Build.0 = Debug|Win32
		{6B7983DF-7135-3992-262C-10DA50635230}.Debug|Win32.ActiveCfg = Debug|Win32
		{6B7983DF-7135-3992-262C-10DA50635230}.Release with Boost|Win32.ActiveCfg = Release|Win32
		{6B7983DF-7135-3992-262C-10DA50635230}.Release with Boost|Win32.Build.0 = Release|Win32
		{6B7983DF-7135-3992-262C-10DA50635230}.Release|Win32.ActiveCfg = Release|Win32
		{A8DAF0F4-78AB-61A0-7DE3-723D511CD046}.Debug with Boost|Win32.ActiveCfg = Debug|Win32
		{A8DAF0F4-78AB-61A0-7DE3-723D511CD046}.Debug with Boost|Win32.Build.0 = Debug|Win32
		{A8DAF0F4-78AB-61A0-7DE3-723D511CD046}.Debug|Win32.ActiveCfg = Debug|Win32
		{A8DAF0F4-78AB-61A0-7DE3-723D511CD046}.Release with Boost|Win32.ActiveCfg = Release|Win32
		{A8DAF0F4-78AB-61A0-7DE3-723D511CD046}.Release with Boost|Win32.Build.0 = Release|Win32
		{A8DAF0F4-78AB-61A0-7DE3-723D511CD046}.Release|Win32.ActiveCfg = Release|Win32
		{AFA856A0-2388-4673-9277-CE4061709569}.Debug with Boost|Win32.ActiveCfg = Debug with Boost|Win32
		{AFA856A0-2388-4673-9277-CE4061709569}.Debug with Boost|Win32.Build.0 = Debug with Boost|Win32
		{AFA856A0-2388-4673-9277-CE4061709569}.Debug|Win32.ActiveCfg = Debug|Win32
		{AFA856A0-2388-4673-9277-CE4061709569}.Debug|Win32.Build.0 = Debug|Win32
		{AFA856A0-2388-4673-9277-CE4061709569}.Release with Boost|Win32.ActiveCfg = Release with Boost|Win32
		{AFA856A0-2388-4673-9277-CE4061709569}.Release with Boost|Win32.Build.0 = Release with Boost|Win32
		{AFA856A0-2388-4673-9277-CE4061709569}.Release|Win32.ActiveCfg = Release|Win32
		{AFA856A0-2388-4673-9277-CE4061709569}.Release|Win32.Build.0 = Release|Win32
		{8C796FDD-5BB9-41D5-8471-FFC897C8C486}.Debug with Boost|Win32.ActiveCfg = Debug with Boost|Win32
		{8C796FDD-5BB9-41D5-8471-FFC897C8C486}.Debug with Boost|Win32.Build.0 = Debug with Boost|Win32
		{8C796FDD-5BB9-41D5-8471-FFC897C8C486}.Debug|Win32.ActiveCfg = Debug|Win32
		{8C796FDD-5BB9-41D5-8471-FFC897C8C486}.Debug|Win32.Build.0 = Debug|Win32
		{8C796FDD-5BB9-41D5-8471-FFC897C8C486}.Release with Boost|Win32.ActiveCfg = Release with Boost|Win32
		{8C796FDD-5BB9-41D5-8471-FFC897C8C486}.Release with Boost|Win32.Build.0 = Release with Boost|Win32
		{8C796FDD-5BB9-41D5-8471-FFC897C8C486}.Release|Win32.ActiveCfg = Release|Win32
		{8C796FDD-5BB9-41D5-8471-FFC897C8C486}.Release|Win32.Build.0 = Release|Win32
	EndGlobalSection
	GlobalSection(SolutionProperties) = preSolution
		HideSolutionNode = FALSE
	EndGlobalSection
EndGlobal
